# This file is automatically @generated by Cargo.
# It is not intended for manual editing.
version = 3

[[package]]
name = "rustos-abi"
version = "0.0.0"

[[package]]
name = "rustos-arch-aarch64"
version = "0.0.0"

[[package]]
name = "rustos-arch-riscv64"
version = "0.0.0"

[[package]]
name = "rustos-arch-wasm32"
version = "0.0.0"

[[package]]
name = "rustos-arch-x86_64"
version = "0.0.0"

[[package]]
name = "rustos-caps"
version = "0.0.0"

[[package]]
name = "rustos-collections"
version = "0.0.0"

[[package]]
name = "rustos-crypto"
version = "0.0.0"

[[package]]
name = "rustos-drv-bus-mmio"
version = "0.0.0"

[[package]]
name = "rustos-drv-bus-pci"
version = "0.0.0"

[[package]]
name = "rustos-drv-bus-usb"
version = "0.0.0"

[[package]]
name = "rustos-drv-bus-virtio"
version = "0.0.0"

[[package]]
name = "rustos-drv-display-framebuffer"
version = "0.0.0"

[[package]]
name = "rustos-drv-display-gpu-virtio"
version = "0.0.0"

[[package]]
name = "rustos-drv-display-vesa"
version = "0.0.0"

[[package]]
name = "rustos-drv-fs-ext4"
version = "0.0.0"

[[package]]
name = "rustos-drv-fs-fat32"
version = "0.0.0"

[[package]]
name = "rustos-drv-fs-rustfs"
version = "0.0.0"

[[package]]
name = "rustos-iconbar"
version = "0.0.0"

[[package]]
name = "rustos-init"
version = "0.0.0"

[[package]]
name = "rustos-installer"
version = "0.0.0"

[[package]]
name = "rustos-kernel-core"
version = "0.0.0"

[[package]]
name = "rustos-kernel-ipc"
version = "0.0.0"

[[package]]
name = "rustos-kernel-mem"
version = "0.0.0"

[[package]]
name = "rustos-kernel-sched"
version = "0.0.0"

[[package]]
name = "rustos-kernel-sec"
version = "0.0.0"

[[package]]
name = "rustos-kernel-sync"
version = "0.0.0"

[[package]]
name = "rustos-kernel-syscall"
version = "0.0.0"

[[package]]
name = "rustos-log"
version = "0.0.0"

[[package]]
name = "rustos-login"
version = "0.0.0"

[[package]]
name = "rustos-shell"
version = "0.0.0"

[[package]]
name = "rustos-util"
version = "0.0.0"

[[package]]
name = "rustos-wm"
version = "0.0.0"

[[package]]
name = "rustos-xtask"
version = "0.0.0"
