# Pinned Raspberry Pi 4 boot-firmware inputs (AGENTS.md §19.3).
#
# The Pi firmware blobs are third-party redistributables (Broadcom /
# Raspberry Pi Ltd, see `boot/LICENCE.broadcom` in the source repository)
# and are NOT committed to this tree. `tairix-mkimage` consumes them as
# build inputs from a caller-supplied directory and refuses — fail closed —
# any file whose byte length or SHA-256 does not match this manifest.
#
# Provenance: https://github.com/raspberrypi/firmware, release 1.20260521,
# files under `boot/`. The `source` directive below pins the upstream
# directory: `cargo xtask image` fetches any blob missing from its cache
# as `<source>/<name>` and verifies it against this manifest before use;
# an operator-staged directory (`--firmware` / $TAIRIX_PI_FIRMWARE) is
# only ever verified, never written. Updating the pin means replacing the
# source line and every blob line below from the new release and
# re-running the supply-chain review (AGENTS.md §19.3).
#
# `armstub8.bin` (the optional PSCI secondary-core stub, built from
# https://github.com/raspberrypi/tools `armstubs/`) has no official binary
# distribution. It is not pinned here; the boot stub parks the secondary
# cores itself, so first boot needs no armstub. When the P5 SMP-on-metal
# work pins a stub build, its line is added here and `config.txt` gains
# the `armstub=armstub8.bin` knob.
#
# Format: one `source <https url>` directive, then
# <name> <byte length> <sha256 hex>, one file per line.
source https://github.com/raspberrypi/firmware/raw/1.20260521/boot
start4.elf 2305632 3484b5ddc0f655e0e562680b7e2462ec21177763cc2d884b37d31e53b800bb02
fixup4.dat 5499 c571fe712649b66409a4834b06af39dcef8dca6727e3abc10c6043f02028b5e5
bcm2711-rpi-4-b.dtb 56407 75761b73c284e26623e4d1624bff13e67bce2ae620880efd81d6571a3739fcfb
overlays/disable-bt.dtbo 1073 ea69d22dedc607fee75eec57d8a4cc0f0eab93cd75393e61a64c49fbac912d02
